
Microsoft Visual Studio Solution File, Format Version 12.00
# Visual Studio Version 17
VisualStudioVersion = 17.13.35825.156 d17.13
MinimumVisualStudioVersion = 10.0.40219.1
Project("{FAE04EC0-301F-11D3-BF4B-00C04F79EFBC}") = "ProductManagement.API", "ProductManagement.API\ProductManagement.API.csproj", "{5362C581-46A1-41A7-900C-6EEDCF5FA769}"
EndProject
Project("{FAE04EC0-301F-11D3-BF4B-00C04F79EFBC}") = "ProductManagement.Common", "ProductManagement.Common\ProductManagement.Common.csproj", "{4D09DB15-DC2D-4A0F-8821-9BDB6638CA81}"
EndProject
Project("{FAE04EC0-301F-11D3-BF4B-00C04F79EFBC}") = "ProductManagement.Features", "ProductManagement.Features\ProductManagement.Features.csproj", "{B6BD2C97-E658-4EC1-8286-964E7B636F7B}"
EndProject
Project("{FAE04EC0-301F-11D3-BF4B-00C04F79EFBC}") = "ProductManagement.Domain", "ProductManagement.Domain\ProductManagement.Domain.csproj", "{CC0CF3E3-E9E0-4C51-ADE6-5402E2519CE2}"
EndProject
Project("{FAE04EC0-301F-11D3-BF4B-00C04F79EFBC}") = "ProductManagement.Persistence", "ProductManagement.Persistence\ProductManagement.Persistence.csproj", "{58EAA9C3-26F9-4A57-9AFC-422710F3F25E}"
EndProject
Global
	GlobalSection(SolutionConfigurationPlatforms) = preSolution
		Debug|Any CPU = Debug|Any CPU
		Release|Any CPU = Release|Any CPU
	EndGlobalSection
	GlobalSection(ProjectConfigurationPlatforms) = postSolution
		{5362C581-46A1-41A7-900C-6EEDCF5FA769}.Debug|Any CPU.ActiveCfg = Debug|Any CPU
		{5362C581-46A1-41A7-900C-6EEDCF5FA769}.Debug|Any CPU.Build.0 = Debug|Any CPU
		{5362C581-46A1-41A7-900C-6EEDCF5FA769}.Release|Any CPU.ActiveCfg = Release|Any CPU
		{5362C581-46A1-41A7-900C-6EEDCF5FA769}.Release|Any CPU.Build.0 = Release|Any CPU
		{4D09DB15-DC2D-4A0F-8821-9BDB6638CA81}.Debug|Any CPU.ActiveCfg = Debug|Any CPU
		{4D09DB15-DC2D-4A0F-8821-9BDB6638CA81}.Debug|Any CPU.Build.0 = Debug|Any CPU
		{4D09DB15-DC2D-4A0F-8821-9BDB6638CA81}.Release|Any CPU.ActiveCfg = Release|Any CPU
		{4D09DB15-DC2D-4A0F-8821-9BDB6638CA81}.Release|Any CPU.Build.0 = Release|Any CPU
		{B6BD2C97-E658-4EC1-8286-964E7B636F7B}.Debug|Any CPU.ActiveCfg = Debug|Any CPU
		{B6BD2C97-E658-4EC1-8286-964E7B636F7B}.Debug|Any CPU.Build.0 = Debug|Any CPU
		{B6BD2C97-E658-4EC1-8286-964E7B636F7B}.Release|Any CPU.ActiveCfg = Release|Any CPU
		{B6BD2C97-E658-4EC1-8286-964E7B636F7B}.Release|Any CPU.Build.0 = Release|Any CPU
		{CC0CF3E3-E9E0-4C51-ADE6-5402E2519CE2}.Debug|Any CPU.ActiveCfg = Debug|Any CPU
		{CC0CF3E3-E9E0-4C51-ADE6-5402E2519CE2}.Debug|Any CPU.Build.0 = Debug|Any CPU
		{CC0CF3E3-E9E0-4C51-ADE6-5402E2519CE2}.Release|Any CPU.ActiveCfg = Release|Any CPU
		{CC0CF3E3-E9E0-4C51-ADE6-5402E2519CE2}.Release|Any CPU.Build.0 = Release|Any CPU
		{58EAA9C3-26F9-4A57-9AFC-422710F3F25E}.Debug|Any CPU.ActiveCfg = Debug|Any CPU
		{58EAA9C3-26F9-4A57-9AFC-422710F3F25E}.Debug|Any CPU.Build.0 = Debug|Any CPU
		{58EAA9C3-26F9-4A57-9AFC-422710F3F25E}.Release|Any CPU.ActiveCfg = Release|Any CPU
		{58EAA9C3-26F9-4A57-9AFC-422710F3F25E}.Release|Any CPU.Build.0 = Release|Any CPU
	EndGlobalSection
	GlobalSection(SolutionProperties) = preSolution
		HideSolutionNode = FALSE
	EndGlobalSection
	GlobalSection(ExtensibilityGlobals) = postSolution
		SolutionGuid = {9651D10F-EB62-4F99-88C7-60903EB9C85D}
	EndGlobalSection
EndGlobal
